# THIS IS AN AUTOGENERATED FILE. DO NOT EDIT THIS FILE DIRECTLY.
# yarn lockfile v1


"@androidx/sqlite-web-worker@file:../../../../frameworks/support/sqlite/sqlite-web-worker-test/web-worker":
  version "0.0.0"
  dependencies:
    "@sqlite.org/sqlite-wasm" "^3.50.1-build1"

"@sqlite.org/sqlite-wasm@^3.50.1-build1":
  version "3.50.1-build1"
  resolved "https://registry.yarnpkg.com/@sqlite.org/sqlite-wasm/-/sqlite-wasm-3.50.1-build1.tgz#67dd9944b0e37ddb0ef2c8b195baa74ece838e44"
  integrity sha512-yH4M/SHN98NibniIwTVk6rwTJjy7n39l7zwWY3u+qsfZBGTi4lC1uEl2NDvIlkzsFtfCBvHBJJFJ1iuU3UzzEQ==
